
Microsoft Visual Studio Solution File, Format Version 12.00
# Visual Studio Version 16
VisualStudioVersion = 16.0.32126.315
MinimumVisualStudioVersion = 10.0.40219.1
Project("{FAE04EC0-301F-11D3-BF4B-00C04F79EFBC}") = "Priprema10", "Priprema10\Priprema10.csproj", "{9194D8C7-CCAF-4395-B9F1-893E3BD054AB}"
EndProject
Project("{FAE04EC0-301F-11D3-BF4B-00C04F79EFBC}") = "DataLayer", "DataLayer\DataLayer.csproj", "{7926BDF7-D0A3-4055-BE70-1D134D39EC64}"
EndProject
Project("{FAE04EC0-301F-11D3-BF4B-00C04F79EFBC}") = "BusinessLayer", "BusinessLayer\BusinessLayer.csproj", "{13CF1D76-774D-4005-B002-3ABC796186C9}"
EndProject
Global
	GlobalSection(SolutionConfigurationPlatforms) = preSolution
		Debug|Any CPU = Debug|Any CPU
		Release|Any CPU = Release|Any CPU
	EndGlobalSection
	GlobalSection(ProjectConfigurationPlatforms) = postSolution
		{9194D8C7-CCAF-4395-B9F1-893E3BD054AB}.Debug|Any CPU.ActiveCfg = Debug|Any CPU
		{9194D8C7-CCAF-4395-B9F1-893E3BD054AB}.Debug|Any CPU.Build.0 = Debug|Any CPU
		{9194D8C7-CCAF-4395-B9F1-893E3BD054AB}.Release|Any CPU.ActiveCfg = Release|Any CPU
		{9194D8C7-CCAF-4395-B9F1-893E3BD054AB}.Release|Any CPU.Build.0 = Release|Any CPU
		{7926BDF7-D0A3-4055-BE70-1D134D39EC64}.Debug|Any CPU.ActiveCfg = Debug|Any CPU
		{7926BDF7-D0A3-4055-BE70-1D134D39EC64}.Debug|Any CPU.Build.0 = Debug|Any CPU
		{7926BDF7-D0A3-4055-BE70-1D134D39EC64}.Release|Any CPU.ActiveCfg = Release|Any CPU
		{7926BDF7-D0A3-4055-BE70-1D134D39EC64}.Release|Any CPU.Build.0 = Release|Any CPU
		{13CF1D76-774D-4005-B002-3ABC796186C9}.Debug|Any CPU.ActiveCfg = Debug|Any CPU
		{13CF1D76-774D-4005-B002-3ABC796186C9}.Debug|Any CPU.Build.0 = Debug|Any CPU
		{13CF1D76-774D-4005-B002-3ABC796186C9}.Release|Any CPU.ActiveCfg = Release|Any CPU
		{13CF1D76-774D-4005-B002-3ABC796186C9}.Release|Any CPU.Build.0 = Release|Any CPU
	EndGlobalSection
	GlobalSection(SolutionProperties) = preSolution
		HideSolutionNode = FALSE
	EndGlobalSection
	GlobalSection(ExtensibilityGlobals) = postSolution
		SolutionGuid = {9736FBCA-8E53-49BD-827C-31C36202CBEA}
	EndGlobalSection
EndGlobal
