
Microsoft Visual Studio Solution File, Format Version 12.00
# Visual Studio Version 16
VisualStudioVersion = 16.0.32126.315
MinimumVisualStudioVersion = 10.0.40219.1
Project("{FAE04EC0-301F-11D3-BF4B-00C04F79EFBC}") = "Priprema5", "Priprema5\Priprema5.csproj", "{A1F3335B-6EDF-4006-A517-90F3406E1B18}"
EndProject
Project("{FAE04EC0-301F-11D3-BF4B-00C04F79EFBC}") = "DataLayer", "DataLayer\DataLayer.csproj", "{45B9F5A2-42F7-4554-97CB-76214602C988}"
EndProject
Project("{FAE04EC0-301F-11D3-BF4B-00C04F79EFBC}") = "BusinessLayer", "BusinessLayer\BusinessLayer.csproj", "{CF54C9CC-2C4F-4734-9A07-BBC666B93C6D}"
EndProject
Global
	GlobalSection(SolutionConfigurationPlatforms) = preSolution
		Debug|Any CPU = Debug|Any CPU
		Release|Any CPU = Release|Any CPU
	EndGlobalSection
	GlobalSection(ProjectConfigurationPlatforms) = postSolution
		{A1F3335B-6EDF-4006-A517-90F3406E1B18}.Debug|Any CPU.ActiveCfg = Debug|Any CPU
		{A1F3335B-6EDF-4006-A517-90F3406E1B18}.Debug|Any CPU.Build.0 = Debug|Any CPU
		{A1F3335B-6EDF-4006-A517-90F3406E1B18}.Release|Any CPU.ActiveCfg = Release|Any CPU
		{A1F3335B-6EDF-4006-A517-90F3406E1B18}.Release|Any CPU.Build.0 = Release|Any CPU
		{45B9F5A2-42F7-4554-97CB-76214602C988}.Debug|Any CPU.ActiveCfg = Debug|Any CPU
		{45B9F5A2-42F7-4554-97CB-76214602C988}.Debug|Any CPU.Build.0 = Debug|Any CPU
		{45B9F5A2-42F7-4554-97CB-76214602C988}.Release|Any CPU.ActiveCfg = Release|Any CPU
		{45B9F5A2-42F7-4554-97CB-76214602C988}.Release|Any CPU.Build.0 = Release|Any CPU
		{CF54C9CC-2C4F-4734-9A07-BBC666B93C6D}.Debug|Any CPU.ActiveCfg = Debug|Any CPU
		{CF54C9CC-2C4F-4734-9A07-BBC666B93C6D}.Debug|Any CPU.Build.0 = Debug|Any CPU
		{CF54C9CC-2C4F-4734-9A07-BBC666B93C6D}.Release|Any CPU.ActiveCfg = Release|Any CPU
		{CF54C9CC-2C4F-4734-9A07-BBC666B93C6D}.Release|Any CPU.Build.0 = Release|Any CPU
	EndGlobalSection
	GlobalSection(SolutionProperties) = preSolution
		HideSolutionNode = FALSE
	EndGlobalSection
	GlobalSection(ExtensibilityGlobals) = postSolution
		SolutionGuid = {BCCE227F-50CA-4302-9FB7-5156C2ED625E}
	EndGlobalSection
EndGlobal
